
Microsoft Visual Studio Solution File, Format Version 12.00
# Visual Studio 15
VisualStudioVersion = 15.0.26124.0
MinimumVisualStudioVersion = 15.0.26124.0
Project("{FAE04EC0-301F-11D3-BF4B-00C04F79EFBC}") = "ZenTime.Api", "ZenTime.Api\ZenTime.Api.csproj", "{A8F03DC0-B9D3-4DCD-951C-3F3CC9C186FD}"
EndProject
Project("{FAE04EC0-301F-11D3-BF4B-00C04F79EFBC}") = "ZenTime.Database", "ZenTime.Database\ZenTime.Database.csproj", "{1BA13BD7-F34A-4EA2-BE9E-CB6EEDBBE25A}"
EndProject
Project("{FAE04EC0-301F-11D3-BF4B-00C04F79EFBC}") = "ZenTime.Common", "ZenTime.Common\ZenTime.Common.csproj", "{C01817DC-0B5D-46CA-89FD-C815ED915C6C}"
EndProject
Project("{FAE04EC0-301F-11D3-BF4B-00C04F79EFBC}") = "ZenTime.Database.Migrator", "ZenTime.Database.Migrator\ZenTime.Database.Migrator.csproj", "{C401EAB7-788E-42FC-8FA7-AC5A1598910F}"
EndProject
Project("{FAE04EC0-301F-11D3-BF4B-00C04F79EFBC}") = "ZenTime.Domain", "ZenTime.Domain\ZenTime.Domain.csproj", "{9F31C7CA-FF5D-494F-9A9A-C0FD6A476A2E}"
EndProject
Project("{FAE04EC0-301F-11D3-BF4B-00C04F79EFBC}") = "ZenTime.Application", "ZenTime.Application\ZenTime.Application.csproj", "{F51514A3-24CC-49A6-BBC9-FDE868D2308B}"
EndProject
Project("{2150E333-8FDC-42A3-9474-1A3956D46DE8}") = "Infrastructure", "Infrastructure", "{6CA13B29-C8F1-4439-AC36-AD06902DF4BA}"
EndProject
Project("{2150E333-8FDC-42A3-9474-1A3956D46DE8}") = "Presentation", "Presentation", "{CC42469A-1854-4041-A011-7ECC5A00DAF6}"
EndProject
Project("{2150E333-8FDC-42A3-9474-1A3956D46DE8}") = "DomainModel", "DomainModel", "{BDF56AD0-0EF8-46C9-8FC5-9FC254529AFB}"
EndProject
Global
	GlobalSection(SolutionConfigurationPlatforms) = preSolution
		Debug|Any CPU = Debug|Any CPU
		Debug|x64 = Debug|x64
		Debug|x86 = Debug|x86
		Release|Any CPU = Release|Any CPU
		Release|x64 = Release|x64
		Release|x86 = Release|x86
	EndGlobalSection
	GlobalSection(SolutionProperties) = preSolution
		HideSolutionNode = FALSE
	EndGlobalSection
	GlobalSection(ProjectConfigurationPlatforms) = postSolution
		{A8F03DC0-B9D3-4DCD-951C-3F3CC9C186FD}.Debug|Any CPU.ActiveCfg = Debug|Any CPU
		{A8F03DC0-B9D3-4DCD-951C-3F3CC9C186FD}.Debug|Any CPU.Build.0 = Debug|Any CPU
		{A8F03DC0-B9D3-4DCD-951C-3F3CC9C186FD}.Debug|x64.ActiveCfg = Debug|Any CPU
		{A8F03DC0-B9D3-4DCD-951C-3F3CC9C186FD}.Debug|x64.Build.0 = Debug|Any CPU
		{A8F03DC0-B9D3-4DCD-951C-3F3CC9C186FD}.Debug|x86.ActiveCfg = Debug|Any CPU
		{A8F03DC0-B9D3-4DCD-951C-3F3CC9C186FD}.Debug|x86.Build.0 = Debug|Any CPU
		{A8F03DC0-B9D3-4DCD-951C-3F3CC9C186FD}.Release|Any CPU.ActiveCfg = Release|Any CPU
		{A8F03DC0-B9D3-4DCD-951C-3F3CC9C186FD}.Release|Any CPU.Build.0 = Release|Any CPU
		{A8F03DC0-B9D3-4DCD-951C-3F3CC9C186FD}.Release|x64.ActiveCfg = Release|Any CPU
		{A8F03DC0-B9D3-4DCD-951C-3F3CC9C186FD}.Release|x64.Build.0 = Release|Any CPU
		{A8F03DC0-B9D3-4DCD-951C-3F3CC9C186FD}.Release|x86.ActiveCfg = Release|Any CPU
		{A8F03DC0-B9D3-4DCD-951C-3F3CC9C186FD}.Release|x86.Build.0 = Release|Any CPU
		{1BA13BD7-F34A-4EA2-BE9E-CB6EEDBBE25A}.Debug|Any CPU.ActiveCfg = Debug|Any CPU
		{1BA13BD7-F34A-4EA2-BE9E-CB6EEDBBE25A}.Debug|Any CPU.Build.0 = Debug|Any CPU
		{1BA13BD7-F34A-4EA2-BE9E-CB6EEDBBE25A}.Debug|x64.ActiveCfg = Debug|Any CPU
		{1BA13BD7-F34A-4EA2-BE9E-CB6EEDBBE25A}.Debug|x64.Build.0 = Debug|Any CPU
		{1BA13BD7-F34A-4EA2-BE9E-CB6EEDBBE25A}.Debug|x86.ActiveCfg = Debug|Any CPU
		{1BA13BD7-F34A-4EA2-BE9E-CB6EEDBBE25A}.Debug|x86.Build.0 = Debug|Any CPU
		{1BA13BD7-F34A-4EA2-BE9E-CB6EEDBBE25A}.Release|Any CPU.ActiveCfg = Release|Any CPU
		{1BA13BD7-F34A-4EA2-BE9E-CB6EEDBBE25A}.Release|Any CPU.Build.0 = Release|Any CPU
		{1BA13BD7-F34A-4EA2-BE9E-CB6EEDBBE25A}.Release|x64.ActiveCfg = Release|Any CPU
		{1BA13BD7-F34A-4EA2-BE9E-CB6EEDBBE25A}.Release|x64.Build.0 = Release|Any CPU
		{1BA13BD7-F34A-4EA2-BE9E-CB6EEDBBE25A}.Release|x86.ActiveCfg = Release|Any CPU
		{1BA13BD7-F34A-4EA2-BE9E-CB6EEDBBE25A}.Release|x86.Build.0 = Release|Any CPU
		{C01817DC-0B5D-46CA-89FD-C815ED915C6C}.Debug|Any CPU.ActiveCfg = Debug|Any CPU
		{C01817DC-0B5D-46CA-89FD-C815ED915C6C}.Debug|Any CPU.Build.0 = Debug|Any CPU
		{C01817DC-0B5D-46CA-89FD-C815ED915C6C}.Debug|x64.ActiveCfg = Debug|Any CPU
		{C01817DC-0B5D-46CA-89FD-C815ED915C6C}.Debug|x64.Build.0 = Debug|Any CPU
		{C01817DC-0B5D-46CA-89FD-C815ED915C6C}.Debug|x86.ActiveCfg = Debug|Any CPU
		{C01817DC-0B5D-46CA-89FD-C815ED915C6C}.Debug|x86.Build.0 = Debug|Any CPU
		{C01817DC-0B5D-46CA-89FD-C815ED915C6C}.Release|Any CPU.ActiveCfg = Release|Any CPU
		{C01817DC-0B5D-46CA-89FD-C815ED915C6C}.Release|Any CPU.Build.0 = Release|Any CPU
		{C01817DC-0B5D-46CA-89FD-C815ED915C6C}.Release|x64.ActiveCfg = Release|Any CPU
		{C01817DC-0B5D-46CA-89FD-C815ED915C6C}.Release|x64.Build.0 = Release|Any CPU
		{C01817DC-0B5D-46CA-89FD-C815ED915C6C}.Release|x86.ActiveCfg = Release|Any CPU
		{C01817DC-0B5D-46CA-89FD-C815ED915C6C}.Release|x86.Build.0 = Release|Any CPU
		{C401EAB7-788E-42FC-8FA7-AC5A1598910F}.Debug|Any CPU.ActiveCfg = Debug|Any CPU
		{C401EAB7-788E-42FC-8FA7-AC5A1598910F}.Debug|Any CPU.Build.0 = Debug|Any CPU
		{C401EAB7-788E-42FC-8FA7-AC5A1598910F}.Debug|x64.ActiveCfg = Debug|Any CPU
		{C401EAB7-788E-42FC-8FA7-AC5A1598910F}.Debug|x64.Build.0 = Debug|Any CPU
		{C401EAB7-788E-42FC-8FA7-AC5A1598910F}.Debug|x86.ActiveCfg = Debug|Any CPU
		{C401EAB7-788E-42FC-8FA7-AC5A1598910F}.Debug|x86.Build.0 = Debug|Any CPU
		{C401EAB7-788E-42FC-8FA7-AC5A1598910F}.Release|Any CPU.ActiveCfg = Release|Any CPU
		{C401EAB7-788E-42FC-8FA7-AC5A1598910F}.Release|Any CPU.Build.0 = Release|Any CPU
		{C401EAB7-788E-42FC-8FA7-AC5A1598910F}.Release|x64.ActiveCfg = Release|Any CPU
		{C401EAB7-788E-42FC-8FA7-AC5A1598910F}.Release|x64.Build.0 = Release|Any CPU
		{C401EAB7-788E-42FC-8FA7-AC5A1598910F}.Release|x86.ActiveCfg = Release|Any CPU
		{C401EAB7-788E-42FC-8FA7-AC5A1598910F}.Release|x86.Build.0 = Release|Any CPU
		{9F31C7CA-FF5D-494F-9A9A-C0FD6A476A2E}.Debug|Any CPU.ActiveCfg = Debug|Any CPU
		{9F31C7CA-FF5D-494F-9A9A-C0FD6A476A2E}.Debug|Any CPU.Build.0 = Debug|Any CPU
		{9F31C7CA-FF5D-494F-9A9A-C0FD6A476A2E}.Debug|x64.ActiveCfg = Debug|Any CPU
		{9F31C7CA-FF5D-494F-9A9A-C0FD6A476A2E}.Debug|x64.Build.0 = Debug|Any CPU
		{9F31C7CA-FF5D-494F-9A9A-C0FD6A476A2E}.Debug|x86.ActiveCfg = Debug|Any CPU
		{9F31C7CA-FF5D-494F-9A9A-C0FD6A476A2E}.Debug|x86.Build.0 = Debug|Any CPU
		{9F31C7CA-FF5D-494F-9A9A-C0FD6A476A2E}.Release|Any CPU.ActiveCfg = Release|Any CPU
		{9F31C7CA-FF5D-494F-9A9A-C0FD6A476A2E}.Release|Any CPU.Build.0 = Release|Any CPU
		{9F31C7CA-FF5D-494F-9A9A-C0FD6A476A2E}.Release|x64.ActiveCfg = Release|Any CPU
		{9F31C7CA-FF5D-494F-9A9A-C0FD6A476A2E}.Release|x64.Build.0 = Release|Any CPU
		{9F31C7CA-FF5D-494F-9A9A-C0FD6A476A2E}.Release|x86.ActiveCfg = Release|Any CPU
		{9F31C7CA-FF5D-494F-9A9A-C0FD6A476A2E}.Release|x86.Build.0 = Release|Any CPU
		{F51514A3-24CC-49A6-BBC9-FDE868D2308B}.Debug|Any CPU.ActiveCfg = Debug|Any CPU
		{F51514A3-24CC-49A6-BBC9-FDE868D2308B}.Debug|Any CPU.Build.0 = Debug|Any CPU
		{F51514A3-24CC-49A6-BBC9-FDE868D2308B}.Debug|x64.ActiveCfg = Debug|Any CPU
		{F51514A3-24CC-49A6-BBC9-FDE868D2308B}.Debug|x64.Build.0 = Debug|Any CPU
		{F51514A3-24CC-49A6-BBC9-FDE868D2308B}.Debug|x86.ActiveCfg = Debug|Any CPU
		{F51514A3-24CC-49A6-BBC9-FDE868D2308B}.Debug|x86.Build.0 = Debug|Any CPU
		{F51514A3-24CC-49A6-BBC9-FDE868D2308B}.Release|Any CPU.ActiveCfg = Release|Any CPU
		{F51514A3-24CC-49A6-BBC9-FDE868D2308B}.Release|Any CPU.Build.0 = Release|Any CPU
		{F51514A3-24CC-49A6-BBC9-FDE868D2308B}.Release|x64.ActiveCfg = Release|Any CPU
		{F51514A3-24CC-49A6-BBC9-FDE868D2308B}.Release|x64.Build.0 = Release|Any CPU
		{F51514A3-24CC-49A6-BBC9-FDE868D2308B}.Release|x86.ActiveCfg = Release|Any CPU
		{F51514A3-24CC-49A6-BBC9-FDE868D2308B}.Release|x86.Build.0 = Release|Any CPU
	EndGlobalSection
	GlobalSection(NestedProjects) = preSolution
		{9F31C7CA-FF5D-494F-9A9A-C0FD6A476A2E} = {BDF56AD0-0EF8-46C9-8FC5-9FC254529AFB}
		{F51514A3-24CC-49A6-BBC9-FDE868D2308B} = {BDF56AD0-0EF8-46C9-8FC5-9FC254529AFB}
		{1BA13BD7-F34A-4EA2-BE9E-CB6EEDBBE25A} = {6CA13B29-C8F1-4439-AC36-AD06902DF4BA}
		{C401EAB7-788E-42FC-8FA7-AC5A1598910F} = {6CA13B29-C8F1-4439-AC36-AD06902DF4BA}
		{A8F03DC0-B9D3-4DCD-951C-3F3CC9C186FD} = {CC42469A-1854-4041-A011-7ECC5A00DAF6}
	EndGlobalSection
EndGlobal
