
Microsoft Visual Studio Solution File, Format Version 12.00
# Visual Studio 15
VisualStudioVersion = 15.0.26124.0
MinimumVisualStudioVersion = 15.0.26124.0
Project("{FAE04EC0-301F-11D3-BF4B-00C04F79EFBC}") = "ZenTime.Api", "ZenTime.Api\ZenTime.Api.csproj", "{A8F03DC0-B9D3-4DCD-951C-3F3CC9C186FD}"
EndProject
Project("{FAE04EC0-301F-11D3-BF4B-00C04F79EFBC}") = "ZenTime.Database", "ZenTime.Database\ZenTime.Database.csproj", "{1BA13BD7-F34A-4EA2-BE9E-CB6EEDBBE25A}"
EndProject
Global
	GlobalSection(SolutionConfigurationPlatforms) = preSolution
		Debug|Any CPU = Debug|Any CPU
		Debug|x64 = Debug|x64
		Debug|x86 = Debug|x86
		Release|Any CPU = Release|Any CPU
		Release|x64 = Release|x64
		Release|x86 = Release|x86
	EndGlobalSection
	GlobalSection(SolutionProperties) = preSolution
		HideSolutionNode = FALSE
	EndGlobalSection
	GlobalSection(ProjectConfigurationPlatforms) = postSolution
		{A8F03DC0-B9D3-4DCD-951C-3F3CC9C186FD}.Debug|Any CPU.ActiveCfg = Debug|Any CPU
		{A8F03DC0-B9D3-4DCD-951C-3F3CC9C186FD}.Debug|Any CPU.Build.0 = Debug|Any CPU
		{A8F03DC0-B9D3-4DCD-951C-3F3CC9C186FD}.Debug|x64.ActiveCfg = Debug|Any CPU
		{A8F03DC0-B9D3-4DCD-951C-3F3CC9C186FD}.Debug|x64.Build.0 = Debug|Any CPU
		{A8F03DC0-B9D3-4DCD-951C-3F3CC9C186FD}.Debug|x86.ActiveCfg = Debug|Any CPU
		{A8F03DC0-B9D3-4DCD-951C-3F3CC9C186FD}.Debug|x86.Build.0 = Debug|Any CPU
		{A8F03DC0-B9D3-4DCD-951C-3F3CC9C186FD}.Release|Any CPU.ActiveCfg = Release|Any CPU
		{A8F03DC0-B9D3-4DCD-951C-3F3CC9C186FD}.Release|Any CPU.Build.0 = Release|Any CPU
		{A8F03DC0-B9D3-4DCD-951C-3F3CC9C186FD}.Release|x64.ActiveCfg = Release|Any CPU
		{A8F03DC0-B9D3-4DCD-951C-3F3CC9C186FD}.Release|x64.Build.0 = Release|Any CPU
		{A8F03DC0-B9D3-4DCD-951C-3F3CC9C186FD}.Release|x86.ActiveCfg = Release|Any CPU
		{A8F03DC0-B9D3-4DCD-951C-3F3CC9C186FD}.Release|x86.Build.0 = Release|Any CPU
		{1BA13BD7-F34A-4EA2-BE9E-CB6EEDBBE25A}.Debug|Any CPU.ActiveCfg = Debug|Any CPU
		{1BA13BD7-F34A-4EA2-BE9E-CB6EEDBBE25A}.Debug|Any CPU.Build.0 = Debug|Any CPU
		{1BA13BD7-F34A-4EA2-BE9E-CB6EEDBBE25A}.Debug|x64.ActiveCfg = Debug|Any CPU
		{1BA13BD7-F34A-4EA2-BE9E-CB6EEDBBE25A}.Debug|x64.Build.0 = Debug|Any CPU
		{1BA13BD7-F34A-4EA2-BE9E-CB6EEDBBE25A}.Debug|x86.ActiveCfg = Debug|Any CPU
		{1BA13BD7-F34A-4EA2-BE9E-CB6EEDBBE25A}.Debug|x86.Build.0 = Debug|Any CPU
		{1BA13BD7-F34A-4EA2-BE9E-CB6EEDBBE25A}.Release|Any CPU.ActiveCfg = Release|Any CPU
		{1BA13BD7-F34A-4EA2-BE9E-CB6EEDBBE25A}.Release|Any CPU.Build.0 = Release|Any CPU
		{1BA13BD7-F34A-4EA2-BE9E-CB6EEDBBE25A}.Release|x64.ActiveCfg = Release|Any CPU
		{1BA13BD7-F34A-4EA2-BE9E-CB6EEDBBE25A}.Release|x64.Build.0 = Release|Any CPU
		{1BA13BD7-F34A-4EA2-BE9E-CB6EEDBBE25A}.Release|x86.ActiveCfg = Release|Any CPU
		{1BA13BD7-F34A-4EA2-BE9E-CB6EEDBBE25A}.Release|x86.Build.0 = Release|Any CPU
	EndGlobalSection
EndGlobal
